
Microsoft Visual Studio Solution File, Format Version 12.00
# Visual Studio Version 16
VisualStudioVersion = 16.0.31205.134
MinimumVisualStudioVersion = 10.0.40219.1
Project("{FAE04EC0-301F-11D3-BF4B-00C04F79EFBC}") = "BTL_CSharp", "BTL_CSharp\BTL_CSharp.csproj", "{5026C268-8B2F-4AFA-97C6-59238A4CC7CB}"
EndProject
Global
	GlobalSection(SolutionConfigurationPlatforms) = preSolution
		Debug|Any CPU = Debug|Any CPU
		Release|Any CPU = Release|Any CPU
	EndGlobalSection
	GlobalSection(ProjectConfigurationPlatforms) = postSolution
		{5026C268-8B2F-4AFA-97C6-59238A4CC7CB}.Debug|Any CPU.ActiveCfg = Debug|Any CPU
		{5026C268-8B2F-4AFA-97C6-59238A4CC7CB}.Debug|Any CPU.Build.0 = Debug|Any CPU
		{5026C268-8B2F-4AFA-97C6-59238A4CC7CB}.Release|Any CPU.ActiveCfg = Release|Any CPU
		{5026C268-8B2F-4AFA-97C6-59238A4CC7CB}.Release|Any CPU.Build.0 = Release|Any CPU
	EndGlobalSection
	GlobalSection(SolutionProperties) = preSolution
		HideSolutionNode = FALSE
	EndGlobalSection
	GlobalSection(ExtensibilityGlobals) = postSolution
		SolutionGuid = {3A038EDF-094E-4482-A6B7-B0316801512E}
	EndGlobalSection
EndGlobal
